
Microsoft Visual Studio Solution File, Format Version 11.00
# Visual Studio 2010
Project("{FAE04EC0-301F-11D3-BF4B-00C04F79EFBC}") = "Unico.Server", "Unico.Server\Unico.Server.csproj", "{CA7C5B7C-0240-492B-8B4F-C9DA3D4AA764}"
EndProject
Project("{FAE04EC0-301F-11D3-BF4B-00C04F79EFBC}") = "Unico.Desktop", "Unico.Desktop\Unico.Desktop.csproj", "{132B9AEB-1612-44A7-B38D-19F5A03A5C4C}"
EndProject
Project("{FAE04EC0-301F-11D3-BF4B-00C04F79EFBC}") = "Unico.Desktop.GtkSharp", "Unico.Desktop.GtkSharp\Unico.Desktop.GtkSharp.csproj", "{53770FA0-EA78-4405-AFFB-5EBA8B86A3F0}"
EndProject
Global
	GlobalSection(SolutionConfigurationPlatforms) = preSolution
		Debug|win64 = Debug|win64
		Debug|linux64 = Debug|linux64
		Debug|win32 = Debug|win32
	EndGlobalSection
	GlobalSection(ProjectConfigurationPlatforms) = postSolution
		{132B9AEB-1612-44A7-B38D-19F5A03A5C4C}.Debug|linux64.ActiveCfg = Debug|linux64
		{132B9AEB-1612-44A7-B38D-19F5A03A5C4C}.Debug|linux64.Build.0 = Debug|linux64
		{132B9AEB-1612-44A7-B38D-19F5A03A5C4C}.Debug|win32.ActiveCfg = Debug|win32
		{132B9AEB-1612-44A7-B38D-19F5A03A5C4C}.Debug|win32.Build.0 = Debug|win32
		{132B9AEB-1612-44A7-B38D-19F5A03A5C4C}.Debug|win64.ActiveCfg = Debug|win64
		{132B9AEB-1612-44A7-B38D-19F5A03A5C4C}.Debug|win64.Build.0 = Debug|win64
		{53770FA0-EA78-4405-AFFB-5EBA8B86A3F0}.Debug|linux64.ActiveCfg = Debug|linux64
		{53770FA0-EA78-4405-AFFB-5EBA8B86A3F0}.Debug|linux64.Build.0 = Debug|linux64
		{53770FA0-EA78-4405-AFFB-5EBA8B86A3F0}.Debug|win32.ActiveCfg = Debug|win32
		{53770FA0-EA78-4405-AFFB-5EBA8B86A3F0}.Debug|win32.Build.0 = Debug|win32
		{53770FA0-EA78-4405-AFFB-5EBA8B86A3F0}.Debug|win64.ActiveCfg = Debug|win64
		{53770FA0-EA78-4405-AFFB-5EBA8B86A3F0}.Debug|win64.Build.0 = Debug|win64
		{CA7C5B7C-0240-492B-8B4F-C9DA3D4AA764}.Debug|linux64.ActiveCfg = Debug|linux64
		{CA7C5B7C-0240-492B-8B4F-C9DA3D4AA764}.Debug|linux64.Build.0 = Debug|linux64
		{CA7C5B7C-0240-492B-8B4F-C9DA3D4AA764}.Debug|win32.ActiveCfg = Debug|win32
		{CA7C5B7C-0240-492B-8B4F-C9DA3D4AA764}.Debug|win32.Build.0 = Debug|win32
		{CA7C5B7C-0240-492B-8B4F-C9DA3D4AA764}.Debug|win64.ActiveCfg = Debug|win64
		{CA7C5B7C-0240-492B-8B4F-C9DA3D4AA764}.Debug|win64.Build.0 = Debug|win64
	EndGlobalSection
	GlobalSection(MonoDevelopProperties) = preSolution
		Policies = $0
		$0.DotNetNamingPolicy = $1
		$1.DirectoryNamespaceAssociation = None
		$1.ResourceNamePolicy = FileFormatDefault
		$0.TextStylePolicy = $2
		$2.inheritsSet = VisualStudio
		$2.inheritsScope = text/plain
		$2.scope = text/x-csharp
		$0.CSharpFormattingPolicy = $3
		$3.IndentSwitchBody = True
		$3.AnonymousMethodBraceStyle = NextLine
		$3.PropertyBraceStyle = NextLine
		$3.PropertyGetBraceStyle = NextLine
		$3.PropertySetBraceStyle = NextLine
		$3.EventBraceStyle = NextLine
		$3.EventAddBraceStyle = NextLine
		$3.EventRemoveBraceStyle = NextLine
		$3.StatementBraceStyle = NextLine
		$3.ElseNewLinePlacement = NewLine
		$3.CatchNewLinePlacement = NewLine
		$3.FinallyNewLinePlacement = NewLine
		$3.WhileNewLinePlacement = DoNotCare
		$3.ArrayInitializerWrapping = DoNotChange
		$3.ArrayInitializerBraceStyle = NextLine
		$3.BeforeMethodDeclarationParentheses = False
		$3.BeforeMethodCallParentheses = False
		$3.BeforeConstructorDeclarationParentheses = False
		$3.NewLineBeforeConstructorInitializerColon = NewLine
		$3.NewLineAfterConstructorInitializerColon = SameLine
		$3.BeforeDelegateDeclarationParentheses = False
		$3.NewParentheses = False
		$3.SpacesBeforeBrackets = False
		$3.inheritsSet = Mono
		$3.inheritsScope = text/x-csharp
		$3.scope = text/x-csharp
	EndGlobalSection
EndGlobal
